{
  "lib/openzeppelin-contracts": {
    "tag": {
      "name": "v5.6.1",
      "rev": "5fd1781b1454fd1ef8e722282f86f9293cacf256"
    }
  },
  "lib/openzeppelin-contracts-upgradeable": {
    "tag": {
      "name": "v5.6.1",
      "rev": "7bf4727aacdbfaa0f36cbd664654d0c9e1dc52bf"
    }
  },
  "lib/prb-math": {
    "tag": {
      "name": "v4.1.1",
      "rev": "b51e8631ed28d3cc917c491dd47cd6c3ff652edc"
    }
  },
  "lib/solady": {
    "tag": {
      "name": "v0.1.26",
      "rev": "acd959aa4bd04720d640bf4e6a5c71037510cc4b"
    }
  }
}